
Microsoft Visual Studio Solution File, Format Version 12.00
# Visual Studio Version 17
VisualStudioVersion = 17.9.34728.123
MinimumVisualStudioVersion = 10.0.40219.1
Project("{FAE04EC0-301F-11D3-BF4B-00C04F79EFBC}") = "W2_OOP_TX2_2", "W2_OOP_TX2_2.csproj", "{8FE1FBD8-A023-4B64-8DB1-F50EA7CC847A}"
EndProject
Global
	GlobalSection(SolutionConfigurationPlatforms) = preSolution
		Debug|Any CPU = Debug|Any CPU
		Release|Any CPU = Release|Any CPU
	EndGlobalSection
	GlobalSection(ProjectConfigurationPlatforms) = postSolution
		{8FE1FBD8-A023-4B64-8DB1-F50EA7CC847A}.Debug|Any CPU.ActiveCfg = Debug|Any CPU
		{8FE1FBD8-A023-4B64-8DB1-F50EA7CC847A}.Debug|Any CPU.Build.0 = Debug|Any CPU
		{8FE1FBD8-A023-4B64-8DB1-F50EA7CC847A}.Release|Any CPU.ActiveCfg = Release|Any CPU
		{8FE1FBD8-A023-4B64-8DB1-F50EA7CC847A}.Release|Any CPU.Build.0 = Release|Any CPU
	EndGlobalSection
	GlobalSection(SolutionProperties) = preSolution
		HideSolutionNode = FALSE
	EndGlobalSection
	GlobalSection(ExtensibilityGlobals) = postSolution
		SolutionGuid = {CABDE481-0309-4641-B7D4-6A5F657BC5B4}
	EndGlobalSection
EndGlobal
